
Microsoft Visual Studio Solution File, Format Version 12.00
# Visual Studio Version 17
VisualStudioVersion = 17.7.34202.233
MinimumVisualStudioVersion = 10.0.40219.1
Project("{FAE04EC0-301F-11D3-BF4B-00C04F79EFBC}") = "APIBOXCricket", "APIBOXCricket.csproj", "{40FAAF06-DE11-40B7-8C47-938B242561F3}"
EndProject
Global
	GlobalSection(SolutionConfigurationPlatforms) = preSolution
		Debug|Any CPU = Debug|Any CPU
		Release|Any CPU = Release|Any CPU
	EndGlobalSection
	GlobalSection(ProjectConfigurationPlatforms) = postSolution
		{40FAAF06-DE11-40B7-8C47-938B242561F3}.Debug|Any CPU.ActiveCfg = Debug|Any CPU
		{40FAAF06-DE11-40B7-8C47-938B242561F3}.Debug|Any CPU.Build.0 = Debug|Any CPU
		{40FAAF06-DE11-40B7-8C47-938B242561F3}.Release|Any CPU.ActiveCfg = Release|Any CPU
		{40FAAF06-DE11-40B7-8C47-938B242561F3}.Release|Any CPU.Build.0 = Release|Any CPU
	EndGlobalSection
	GlobalSection(SolutionProperties) = preSolution
		HideSolutionNode = FALSE
	EndGlobalSection
	GlobalSection(ExtensibilityGlobals) = postSolution
		SolutionGuid = {847E6739-107C-4A00-AC57-355AC39574C2}
	EndGlobalSection
EndGlobal
